
Microsoft Visual Studio Solution File, Format Version 12.00
# Visual Studio Version 17
VisualStudioVersion = 17.8.34309.116
MinimumVisualStudioVersion = 10.0.40219.1
Project("{FAE04EC0-301F-11D3-BF4B-00C04F79EFBC}") = "WinFormsMVVMSample", "WinFormsMVVMSample.csproj", "{CFA9EF31-4FA2-48E1-8163-CDAB9FA49E40}"
EndProject
Global
	GlobalSection(SolutionConfigurationPlatforms) = preSolution
		Debug|Any CPU = Debug|Any CPU
		Release|Any CPU = Release|Any CPU
	EndGlobalSection
	GlobalSection(ProjectConfigurationPlatforms) = postSolution
		{CFA9EF31-4FA2-48E1-8163-CDAB9FA49E40}.Debug|Any CPU.ActiveCfg = Debug|Any CPU
		{CFA9EF31-4FA2-48E1-8163-CDAB9FA49E40}.Debug|Any CPU.Build.0 = Debug|Any CPU
		{CFA9EF31-4FA2-48E1-8163-CDAB9FA49E40}.Release|Any CPU.ActiveCfg = Release|Any CPU
		{CFA9EF31-4FA2-48E1-8163-CDAB9FA49E40}.Release|Any CPU.Build.0 = Release|Any CPU
	EndGlobalSection
	GlobalSection(SolutionProperties) = preSolution
		HideSolutionNode = FALSE
	EndGlobalSection
	GlobalSection(ExtensibilityGlobals) = postSolution
		SolutionGuid = {9ABA4FCA-788E-4D69-831B-51423E95B2C1}
	EndGlobalSection
EndGlobal
